
Microsoft Visual Studio Solution File, Format Version 12.00
# Visual Studio 15
VisualStudioVersion = 15.0.28307.1684
MinimumVisualStudioVersion = 10.0.40219.1
Project("{8BC9CEB8-8B4A-11D0-8D11-00A0C91BC942}") = "QT_TP1_Heritage", "QT_TP1_Heritage\QT_TP1_Heritage.vcxproj", "{5E6B0299-1BE2-43BB-8F9F-E3284D1B471B}"
EndProject
Global
	GlobalSection(SolutionConfigurationPlatforms) = preSolution
		Debug|x64 = Debug|x64
		Release|x64 = Release|x64
	EndGlobalSection
	GlobalSection(ProjectConfigurationPlatforms) = postSolution
		{5E6B0299-1BE2-43BB-8F9F-E3284D1B471B}.Debug|x64.ActiveCfg = Debug|x64
		{5E6B0299-1BE2-43BB-8F9F-E3284D1B471B}.Debug|x64.Build.0 = Debug|x64
		{5E6B0299-1BE2-43BB-8F9F-E3284D1B471B}.Release|x64.ActiveCfg = Release|x64
		{5E6B0299-1BE2-43BB-8F9F-E3284D1B471B}.Release|x64.Build.0 = Release|x64
	EndGlobalSection
	GlobalSection(SolutionProperties) = preSolution
		HideSolutionNode = FALSE
	EndGlobalSection
	GlobalSection(ExtensibilityGlobals) = postSolution
		SolutionGuid = {23EB5B10-5780-4217-8327-A59CEE2C250F}
	EndGlobalSection
EndGlobal
